
Microsoft Visual Studio Solution File, Format Version 12.00
# Visual Studio Version 17
VisualStudioVersion = 17.5.002.0
MinimumVisualStudioVersion = 10.0.40219.1
Project("{9A19103F-16F7-4668-BE54-9A1E7A4F7556}") = "read_file_vcs", "read_file_vcs.csproj", "{3A266187-90E6-49AB-A942-F447392A7D90}"
EndProject
Global
	GlobalSection(SolutionConfigurationPlatforms) = preSolution
		Debug|Any CPU = Debug|Any CPU
		Release|Any CPU = Release|Any CPU
	EndGlobalSection
	GlobalSection(ProjectConfigurationPlatforms) = postSolution
		{3A266187-90E6-49AB-A942-F447392A7D90}.Debug|Any CPU.ActiveCfg = Debug|Any CPU
		{3A266187-90E6-49AB-A942-F447392A7D90}.Debug|Any CPU.Build.0 = Debug|Any CPU
		{3A266187-90E6-49AB-A942-F447392A7D90}.Release|Any CPU.ActiveCfg = Release|Any CPU
		{3A266187-90E6-49AB-A942-F447392A7D90}.Release|Any CPU.Build.0 = Release|Any CPU
	EndGlobalSection
	GlobalSection(SolutionProperties) = preSolution
		HideSolutionNode = FALSE
	EndGlobalSection
	GlobalSection(ExtensibilityGlobals) = postSolution
		SolutionGuid = {BA0AC35C-B43F-46D5-9207-A394B2A4421B}
	EndGlobalSection
EndGlobal
